
Microsoft Visual Studio Solution File, Format Version 12.00
# Visual Studio Version 16
VisualStudioVersion = 16.0.30907.101
MinimumVisualStudioVersion = 10.0.40219.1
Project("{FAE04EC0-301F-11D3-BF4B-00C04F79EFBC}") = "snakesnake", "snakesnake\snakesnake.csproj", "{46B25BCC-D54D-4422-A6DF-0ECE8F28E420}"
EndProject
Global
	GlobalSection(SolutionConfigurationPlatforms) = preSolution
		Debug|Any CPU = Debug|Any CPU
		Release|Any CPU = Release|Any CPU
	EndGlobalSection
	GlobalSection(ProjectConfigurationPlatforms) = postSolution
		{46B25BCC-D54D-4422-A6DF-0ECE8F28E420}.Debug|Any CPU.ActiveCfg = Debug|Any CPU
		{46B25BCC-D54D-4422-A6DF-0ECE8F28E420}.Debug|Any CPU.Build.0 = Debug|Any CPU
		{46B25BCC-D54D-4422-A6DF-0ECE8F28E420}.Release|Any CPU.ActiveCfg = Release|Any CPU
		{46B25BCC-D54D-4422-A6DF-0ECE8F28E420}.Release|Any CPU.Build.0 = Release|Any CPU
	EndGlobalSection
	GlobalSection(SolutionProperties) = preSolution
		HideSolutionNode = FALSE
	EndGlobalSection
	GlobalSection(ExtensibilityGlobals) = postSolution
		SolutionGuid = {391FABDE-A050-494F-92B4-5BDB09D20870}
	EndGlobalSection
EndGlobal
